{
  "requires": true,
  "lockfileVersion": 1,
  "dependencies": {
    "js-synthesizer": {
      "version": "1.11.0",
      "resolved": "https://registry.npmjs.org/js-synthesizer/-/js-synthesizer-1.11.0.tgz",
      "integrity": "sha512-ROQth4Ozf9a7sV+8gXDdzkQsrxbvYw35/piPCBlnwCu5X4TzUh5QejT1AKtmyeHjOZJHY0PjS+tDAvL7hPAk1g=="
    }
  }
}
